# generated by rye
# use `rye lock` or `rye sync` to update this lockfile
#
# last locked with the following flags:
#   pre: false
#   features: []
#   all-features: false
#   with-sources: false
#   generate-hashes: false
#   universal: false

-e file:.
anyio==4.6.0
    # via asyncer
appdirs==1.4.4
    # via sno-py
asyncer==0.0.8
    # via sno-py
black==24.8.0
    # via sansio-lsp-client
click==8.1.7
    # via black
distro==1.9.0
    # via xonsh
idna==3.10
    # via anyio
markdown==3.7
    # via sno-py
mypy==1.11.2
    # via sansio-lsp-client
mypy-extensions==1.0.0
    # via black
    # via mypy
packaging==24.1
    # via black
pathspec==0.12.1
    # via black
platformdirs==4.3.6
    # via black
prompt-toolkit==3.0.48
    # via sno-py
    # via xonsh
pyclip==0.7.0
    # via sno-py
pydantic==1.10.18
    # via sansio-lsp-client
pygments==2.18.0
    # via sno-py
    # via xonsh
pyperclip==1.9.0
    # via xonsh
sansio-lsp-client==0.12.0
    # via sno-py
sniffio==1.3.1
    # via anyio
strenum==0.4.15
    # via sno-py
typing-extensions==4.12.2
    # via mypy
    # via pydantic
    # via sno-py
ujson==5.10.0
    # via xonsh
wcwidth==0.2.13
    # via prompt-toolkit
xonsh==0.18.3
    # via sno-py
