# generated by rye
# use `rye lock` or `rye sync` to update this lockfile
#
# last locked with the following flags:
#   pre: false
#   features: []
#   all-features: false
#   with-sources: false
#   generate-hashes: false
#   universal: false

-e file:.
appdirs==1.4.4
    # via sno-py
distro==1.9.0
    # via xonsh
prompt-toolkit==3.0.47
    # via sno-py
    # via xonsh
pygments==2.18.0
    # via sno-py
    # via xonsh
pyperclip==1.9.0
    # via xonsh
strenum==0.4.15
    # via sno-py
ujson==5.10.0
    # via xonsh
wcwidth==0.2.13
    # via prompt-toolkit
xonsh==0.18.3
    # via sno-py
